
Microsoft Visual Studio Solution File, Format Version 12.00
# Visual Studio Version 17
VisualStudioVersion = 17.13.35806.99 d17.13
MinimumVisualStudioVersion = 10.0.40219.1
Project("{FAE04EC0-301F-11D3-BF4B-00C04F79EFBC}") = "GardenCentreAppFran", "GardenCentreAppFran\GardenCentreAppFran.csproj", "{404368E5-21E2-4C5A-8E55-05E1269C9E98}"
EndProject
Global
	GlobalSection(SolutionConfigurationPlatforms) = preSolution
		Debug|Any CPU = Debug|Any CPU
		Release|Any CPU = Release|Any CPU
	EndGlobalSection
	GlobalSection(ProjectConfigurationPlatforms) = postSolution
		{404368E5-21E2-4C5A-8E55-05E1269C9E98}.Debug|Any CPU.ActiveCfg = Debug|Any CPU
		{404368E5-21E2-4C5A-8E55-05E1269C9E98}.Debug|Any CPU.Build.0 = Debug|Any CPU
		{404368E5-21E2-4C5A-8E55-05E1269C9E98}.Debug|Any CPU.Deploy.0 = Debug|Any CPU
		{404368E5-21E2-4C5A-8E55-05E1269C9E98}.Release|Any CPU.ActiveCfg = Release|Any CPU
		{404368E5-21E2-4C5A-8E55-05E1269C9E98}.Release|Any CPU.Build.0 = Release|Any CPU
		{404368E5-21E2-4C5A-8E55-05E1269C9E98}.Release|Any CPU.Deploy.0 = Release|Any CPU
	EndGlobalSection
	GlobalSection(SolutionProperties) = preSolution
		HideSolutionNode = FALSE
	EndGlobalSection
	GlobalSection(ExtensibilityGlobals) = postSolution
		SolutionGuid = {662A2165-6593-4A1B-BDBE-C20B815E7249}
	EndGlobalSection
EndGlobal
